
Microsoft Visual Studio Solution File, Format Version 10.00
# Visual C++ Express 2008
Project("{8BC9CEB8-8B4A-11D0-8D11-00A0C91BC942}") = "game", "game\game.vcproj", "{6C6978EF-B3B5-4827-B543-BFECD0A6BCCF}"
	ProjectSection(ProjectDependencies) = postProject
		{A29E0F89-0584-4E22-A163-7A676E17E9E1} = {A29E0F89-0584-4E22-A163-7A676E17E9E1}
	EndProjectSection
EndProject
Project("{8BC9CEB8-8B4A-11D0-8D11-00A0C91BC942}") = "libglest", "shared_lib\libglest.vcproj", "{A29E0F89-0584-4E22-A163-7A676E17E9E1}"
EndProject
Project("{8BC9CEB8-8B4A-11D0-8D11-00A0C91BC942}") = "test", "test\test.vcproj", "{0FEAE213-8B69-4844-98D5-3B7E4E834C51}"
	ProjectSection(ProjectDependencies) = postProject
		{A29E0F89-0584-4E22-A163-7A676E17E9E1} = {A29E0F89-0584-4E22-A163-7A676E17E9E1}
	EndProjectSection
EndProject
Project("{8BC9CEB8-8B4A-11D0-8D11-00A0C91BC942}") = "map_editor", "map_editor\map_editor.vcproj", "{0E1DBB5D-37A3-484E-8510-F25B71222411}"
EndProject
Project("{8BC9CEB8-8B4A-11D0-8D11-00A0C91BC942}") = "g3d_viewer", "g3d_viewer\g3d_viewer.vcproj", "{1ACEE8EA-A0FB-4759-B647-5A881FFDA499}"
EndProject
Global
	GlobalSection(SolutionConfigurationPlatforms) = preSolution
		Debug|Win32 = Debug|Win32
		Release|Win32 = Release|Win32
		Release+SSE2|Win32 = Release+SSE2|Win32
		Speedy Debug|Win32 = Speedy Debug|Win32
		Ultra Debug|Win32 = Ultra Debug|Win32
	EndGlobalSection
	GlobalSection(ProjectConfigurationPlatforms) = postSolution
		{6C6978EF-B3B5-4827-B543-BFECD0A6BCCF}.Debug|Win32.ActiveCfg = Debug|Win32
		{6C6978EF-B3B5-4827-B543-BFECD0A6BCCF}.Debug|Win32.Build.0 = Debug|Win32
		{6C6978EF-B3B5-4827-B543-BFECD0A6BCCF}.Release|Win32.ActiveCfg = Release+SSE2|Win32
		{6C6978EF-B3B5-4827-B543-BFECD0A6BCCF}.Release|Win32.Build.0 = Release+SSE2|Win32
		{6C6978EF-B3B5-4827-B543-BFECD0A6BCCF}.Release+SSE2|Win32.ActiveCfg = Release+SSE2|Win32
		{6C6978EF-B3B5-4827-B543-BFECD0A6BCCF}.Release+SSE2|Win32.Build.0 = Release+SSE2|Win32
		{6C6978EF-B3B5-4827-B543-BFECD0A6BCCF}.Speedy Debug|Win32.ActiveCfg = Speedy Debug|Win32
		{6C6978EF-B3B5-4827-B543-BFECD0A6BCCF}.Speedy Debug|Win32.Build.0 = Speedy Debug|Win32
		{6C6978EF-B3B5-4827-B543-BFECD0A6BCCF}.Ultra Debug|Win32.ActiveCfg = Ultra Debug|Win32
		{6C6978EF-B3B5-4827-B543-BFECD0A6BCCF}.Ultra Debug|Win32.Build.0 = Ultra Debug|Win32
		{A29E0F89-0584-4E22-A163-7A676E17E9E1}.Debug|Win32.ActiveCfg = Debug|Win32
		{A29E0F89-0584-4E22-A163-7A676E17E9E1}.Debug|Win32.Build.0 = Debug|Win32
		{A29E0F89-0584-4E22-A163-7A676E17E9E1}.Release|Win32.ActiveCfg = Release+SSE2|Win32
		{A29E0F89-0584-4E22-A163-7A676E17E9E1}.Release|Win32.Build.0 = Release+SSE2|Win32
		{A29E0F89-0584-4E22-A163-7A676E17E9E1}.Release+SSE2|Win32.ActiveCfg = Release+SSE2|Win32
		{A29E0F89-0584-4E22-A163-7A676E17E9E1}.Release+SSE2|Win32.Build.0 = Release+SSE2|Win32
		{A29E0F89-0584-4E22-A163-7A676E17E9E1}.Speedy Debug|Win32.ActiveCfg = Speedy Debug|Win32
		{A29E0F89-0584-4E22-A163-7A676E17E9E1}.Speedy Debug|Win32.Build.0 = Speedy Debug|Win32
		{A29E0F89-0584-4E22-A163-7A676E17E9E1}.Ultra Debug|Win32.ActiveCfg = Ultra Debug|Win32
		{A29E0F89-0584-4E22-A163-7A676E17E9E1}.Ultra Debug|Win32.Build.0 = Ultra Debug|Win32
		{0FEAE213-8B69-4844-98D5-3B7E4E834C51}.Debug|Win32.ActiveCfg = Debug|Win32
		{0FEAE213-8B69-4844-98D5-3B7E4E834C51}.Debug|Win32.Build.0 = Debug|Win32
		{0FEAE213-8B69-4844-98D5-3B7E4E834C51}.Release|Win32.ActiveCfg = Release+SSE2|Win32
		{0FEAE213-8B69-4844-98D5-3B7E4E834C51}.Release|Win32.Build.0 = Release+SSE2|Win32
		{0FEAE213-8B69-4844-98D5-3B7E4E834C51}.Release+SSE2|Win32.ActiveCfg = Release+SSE2|Win32
		{0FEAE213-8B69-4844-98D5-3B7E4E834C51}.Release+SSE2|Win32.Build.0 = Release+SSE2|Win32
		{0FEAE213-8B69-4844-98D5-3B7E4E834C51}.Speedy Debug|Win32.ActiveCfg = Debug|Win32
		{0FEAE213-8B69-4844-98D5-3B7E4E834C51}.Speedy Debug|Win32.Build.0 = Debug|Win32
		{0FEAE213-8B69-4844-98D5-3B7E4E834C51}.Ultra Debug|Win32.ActiveCfg = Debug|Win32
		{0FEAE213-8B69-4844-98D5-3B7E4E834C51}.Ultra Debug|Win32.Build.0 = Debug|Win32
		{0E1DBB5D-37A3-484E-8510-F25B71222411}.Debug|Win32.ActiveCfg = Debug|Win32
		{0E1DBB5D-37A3-484E-8510-F25B71222411}.Debug|Win32.Build.0 = Debug|Win32
		{0E1DBB5D-37A3-484E-8510-F25B71222411}.Release|Win32.ActiveCfg = Release+SSE2|Win32
		{0E1DBB5D-37A3-484E-8510-F25B71222411}.Release|Win32.Build.0 = Release+SSE2|Win32
		{0E1DBB5D-37A3-484E-8510-F25B71222411}.Release+SSE2|Win32.ActiveCfg = Release+SSE2|Win32
		{0E1DBB5D-37A3-484E-8510-F25B71222411}.Release+SSE2|Win32.Build.0 = Release+SSE2|Win32
		{0E1DBB5D-37A3-484E-8510-F25B71222411}.Speedy Debug|Win32.ActiveCfg = Debug|Win32
		{0E1DBB5D-37A3-484E-8510-F25B71222411}.Speedy Debug|Win32.Build.0 = Debug|Win32
		{0E1DBB5D-37A3-484E-8510-F25B71222411}.Ultra Debug|Win32.ActiveCfg = Debug|Win32
		{0E1DBB5D-37A3-484E-8510-F25B71222411}.Ultra Debug|Win32.Build.0 = Debug|Win32
		{1ACEE8EA-A0FB-4759-B647-5A881FFDA499}.Debug|Win32.ActiveCfg = Debug|Win32
		{1ACEE8EA-A0FB-4759-B647-5A881FFDA499}.Debug|Win32.Build.0 = Debug|Win32
		{1ACEE8EA-A0FB-4759-B647-5A881FFDA499}.Release|Win32.ActiveCfg = Release+SSE2|Win32
		{1ACEE8EA-A0FB-4759-B647-5A881FFDA499}.Release|Win32.Build.0 = Release+SSE2|Win32
		{1ACEE8EA-A0FB-4759-B647-5A881FFDA499}.Release+SSE2|Win32.ActiveCfg = Release+SSE2|Win32
		{1ACEE8EA-A0FB-4759-B647-5A881FFDA499}.Release+SSE2|Win32.Build.0 = Release+SSE2|Win32
		{1ACEE8EA-A0FB-4759-B647-5A881FFDA499}.Speedy Debug|Win32.ActiveCfg = Debug|Win32
		{1ACEE8EA-A0FB-4759-B647-5A881FFDA499}.Speedy Debug|Win32.Build.0 = Debug|Win32
		{1ACEE8EA-A0FB-4759-B647-5A881FFDA499}.Ultra Debug|Win32.ActiveCfg = Debug|Win32
		{1ACEE8EA-A0FB-4759-B647-5A881FFDA499}.Ultra Debug|Win32.Build.0 = Debug|Win32
	EndGlobalSection
	GlobalSection(SolutionProperties) = preSolution
		HideSolutionNode = FALSE
	EndGlobalSection
EndGlobal
