
Microsoft Visual Studio Solution File, Format Version 10.00
# Visual C++ Express 2008
Project("{8BC9CEB8-8B4A-11D0-8D11-00A0C91BC942}") = "game", "game\game.vcproj", "{6C6978EF-B3B5-4827-B543-BFECD0A6BCCF}"
	ProjectSection(ProjectDependencies) = postProject
		{A29E0F89-0584-4E22-A163-7A676E17E9E1} = {A29E0F89-0584-4E22-A163-7A676E17E9E1}
	EndProjectSection
EndProject
Project("{8BC9CEB8-8B4A-11D0-8D11-00A0C91BC942}") = "libglest", "shared_lib\libglest.vcproj", "{A29E0F89-0584-4E22-A163-7A676E17E9E1}"
EndProject
Global
	GlobalSection(SolutionConfigurationPlatforms) = preSolution
		Debug|Win32 = Debug|Win32
		Debug+opt|Win32 = Debug+opt|Win32
		Release|Win32 = Release|Win32
		Release+SSE2|Win32 = Release+SSE2|Win32
	EndGlobalSection
	GlobalSection(ProjectConfigurationPlatforms) = postSolution
		{6C6978EF-B3B5-4827-B543-BFECD0A6BCCF}.Debug|Win32.ActiveCfg = Debug|Win32
		{6C6978EF-B3B5-4827-B543-BFECD0A6BCCF}.Debug|Win32.Build.0 = Debug|Win32
		{6C6978EF-B3B5-4827-B543-BFECD0A6BCCF}.Debug+opt|Win32.ActiveCfg = Debug+opt|Win32
		{6C6978EF-B3B5-4827-B543-BFECD0A6BCCF}.Debug+opt|Win32.Build.0 = Debug+opt|Win32
		{6C6978EF-B3B5-4827-B543-BFECD0A6BCCF}.Release|Win32.ActiveCfg = Release|Win32
		{6C6978EF-B3B5-4827-B543-BFECD0A6BCCF}.Release|Win32.Build.0 = Release|Win32
		{6C6978EF-B3B5-4827-B543-BFECD0A6BCCF}.Release+SSE2|Win32.ActiveCfg = Release+SSE2|Win32
		{6C6978EF-B3B5-4827-B543-BFECD0A6BCCF}.Release+SSE2|Win32.Build.0 = Release+SSE2|Win32
		{A29E0F89-0584-4E22-A163-7A676E17E9E1}.Debug|Win32.ActiveCfg = Debug|Win32
		{A29E0F89-0584-4E22-A163-7A676E17E9E1}.Debug|Win32.Build.0 = Debug|Win32
		{A29E0F89-0584-4E22-A163-7A676E17E9E1}.Debug+opt|Win32.ActiveCfg = Debug+opt|Win32
		{A29E0F89-0584-4E22-A163-7A676E17E9E1}.Debug+opt|Win32.Build.0 = Debug+opt|Win32
		{A29E0F89-0584-4E22-A163-7A676E17E9E1}.Release|Win32.ActiveCfg = Release|Win32
		{A29E0F89-0584-4E22-A163-7A676E17E9E1}.Release|Win32.Build.0 = Release|Win32
		{A29E0F89-0584-4E22-A163-7A676E17E9E1}.Release+SSE2|Win32.ActiveCfg = Release+SSE2|Win32
		{A29E0F89-0584-4E22-A163-7A676E17E9E1}.Release+SSE2|Win32.Build.0 = Release+SSE2|Win32
	EndGlobalSection
	GlobalSection(SolutionProperties) = preSolution
		HideSolutionNode = FALSE
	EndGlobalSection
EndGlobal
